
Microsoft Visual Studio Solution File, Format Version 12.00
# Visual Studio Version 16
VisualStudioVersion = 16.0.31729.503
MinimumVisualStudioVersion = 10.0.40219.1
Project("{FAE04EC0-301F-11D3-BF4B-00C04F79EFBC}") = "StackLayoutTutorial.Android", "StackLayoutTutorial\StackLayoutTutorial.Android\StackLayoutTutorial.Android.csproj", "{289003B3-CABE-4F99-969D-6DE60EFD3CEE}"
EndProject
Project("{FAE04EC0-301F-11D3-BF4B-00C04F79EFBC}") = "StackLayoutTutorial.iOS", "StackLayoutTutorial\StackLayoutTutorial.iOS\StackLayoutTutorial.iOS.csproj", "{3453EB85-C2EE-4784-9B08-E8701DA2BB1A}"
EndProject
Project("{FAE04EC0-301F-11D3-BF4B-00C04F79EFBC}") = "StackLayoutTutorial", "StackLayoutTutorial\StackLayoutTutorial\StackLayoutTutorial.csproj", "{D3E0C369-8BE0-4EBD-B848-1C6B57B59698}"
EndProject
Global
	GlobalSection(SolutionConfigurationPlatforms) = preSolution
		Debug|Any CPU = Debug|Any CPU
		Debug|iPhone = Debug|iPhone
		Debug|iPhoneSimulator = Debug|iPhoneSimulator
		Release|Any CPU = Release|Any CPU
		Release|iPhone = Release|iPhone
		Release|iPhoneSimulator = Release|iPhoneSimulator
	EndGlobalSection
	GlobalSection(ProjectConfigurationPlatforms) = postSolution
		{289003B3-CABE-4F99-969D-6DE60EFD3CEE}.Debug|Any CPU.ActiveCfg = Debug|Any CPU
		{289003B3-CABE-4F99-969D-6DE60EFD3CEE}.Debug|Any CPU.Build.0 = Debug|Any CPU
		{289003B3-CABE-4F99-969D-6DE60EFD3CEE}.Debug|Any CPU.Deploy.0 = Debug|Any CPU
		{289003B3-CABE-4F99-969D-6DE60EFD3CEE}.Debug|iPhone.ActiveCfg = Debug|Any CPU
		{289003B3-CABE-4F99-969D-6DE60EFD3CEE}.Debug|iPhone.Build.0 = Debug|Any CPU
		{289003B3-CABE-4F99-969D-6DE60EFD3CEE}.Debug|iPhone.Deploy.0 = Debug|Any CPU
		{289003B3-CABE-4F99-969D-6DE60EFD3CEE}.Debug|iPhoneSimulator.ActiveCfg = Debug|Any CPU
		{289003B3-CABE-4F99-969D-6DE60EFD3CEE}.Debug|iPhoneSimulator.Build.0 = Debug|Any CPU
		{289003B3-CABE-4F99-969D-6DE60EFD3CEE}.Debug|iPhoneSimulator.Deploy.0 = Debug|Any CPU
		{289003B3-CABE-4F99-969D-6DE60EFD3CEE}.Release|Any CPU.ActiveCfg = Release|Any CPU
		{289003B3-CABE-4F99-969D-6DE60EFD3CEE}.Release|Any CPU.Build.0 = Release|Any CPU
		{289003B3-CABE-4F99-969D-6DE60EFD3CEE}.Release|Any CPU.Deploy.0 = Release|Any CPU
		{289003B3-CABE-4F99-969D-6DE60EFD3CEE}.Release|iPhone.ActiveCfg = Release|Any CPU
		{289003B3-CABE-4F99-969D-6DE60EFD3CEE}.Release|iPhone.Build.0 = Release|Any CPU
		{289003B3-CABE-4F99-969D-6DE60EFD3CEE}.Release|iPhone.Deploy.0 = Release|Any CPU
		{289003B3-CABE-4F99-969D-6DE60EFD3CEE}.Release|iPhoneSimulator.ActiveCfg = Release|Any CPU
		{289003B3-CABE-4F99-969D-6DE60EFD3CEE}.Release|iPhoneSimulator.Build.0 = Release|Any CPU
		{289003B3-CABE-4F99-969D-6DE60EFD3CEE}.Release|iPhoneSimulator.Deploy.0 = Release|Any CPU
		{3453EB85-C2EE-4784-9B08-E8701DA2BB1A}.Debug|Any CPU.ActiveCfg = Debug|iPhone
		{3453EB85-C2EE-4784-9B08-E8701DA2BB1A}.Debug|Any CPU.Build.0 = Debug|iPhone
		{3453EB85-C2EE-4784-9B08-E8701DA2BB1A}.Debug|Any CPU.Deploy.0 = Debug|iPhone
		{3453EB85-C2EE-4784-9B08-E8701DA2BB1A}.Debug|iPhone.ActiveCfg = Debug|iPhone
		{3453EB85-C2EE-4784-9B08-E8701DA2BB1A}.Debug|iPhone.Build.0 = Debug|iPhone
		{3453EB85-C2EE-4784-9B08-E8701DA2BB1A}.Debug|iPhone.Deploy.0 = Debug|iPhone
		{3453EB85-C2EE-4784-9B08-E8701DA2BB1A}.Debug|iPhoneSimulator.ActiveCfg = Debug|iPhoneSimulator
		{3453EB85-C2EE-4784-9B08-E8701DA2BB1A}.Debug|iPhoneSimulator.Build.0 = Debug|iPhoneSimulator
		{3453EB85-C2EE-4784-9B08-E8701DA2BB1A}.Debug|iPhoneSimulator.Deploy.0 = Debug|iPhoneSimulator
		{3453EB85-C2EE-4784-9B08-E8701DA2BB1A}.Release|Any CPU.ActiveCfg = Release|iPhoneSimulator
		{3453EB85-C2EE-4784-9B08-E8701DA2BB1A}.Release|Any CPU.Build.0 = Release|iPhoneSimulator
		{3453EB85-C2EE-4784-9B08-E8701DA2BB1A}.Release|Any CPU.Deploy.0 = Release|iPhoneSimulator
		{3453EB85-C2EE-4784-9B08-E8701DA2BB1A}.Release|iPhone.ActiveCfg = Release|iPhone
		{3453EB85-C2EE-4784-9B08-E8701DA2BB1A}.Release|iPhone.Build.0 = Release|iPhone
		{3453EB85-C2EE-4784-9B08-E8701DA2BB1A}.Release|iPhone.Deploy.0 = Release|iPhone
		{3453EB85-C2EE-4784-9B08-E8701DA2BB1A}.Release|iPhoneSimulator.ActiveCfg = Release|iPhoneSimulator
		{3453EB85-C2EE-4784-9B08-E8701DA2BB1A}.Release|iPhoneSimulator.Build.0 = Release|iPhoneSimulator
		{3453EB85-C2EE-4784-9B08-E8701DA2BB1A}.Release|iPhoneSimulator.Deploy.0 = Release|iPhoneSimulator
		{D3E0C369-8BE0-4EBD-B848-1C6B57B59698}.Debug|Any CPU.ActiveCfg = Debug|Any CPU
		{D3E0C369-8BE0-4EBD-B848-1C6B57B59698}.Debug|Any CPU.Build.0 = Debug|Any CPU
		{D3E0C369-8BE0-4EBD-B848-1C6B57B59698}.Debug|Any CPU.Deploy.0 = Debug|Any CPU
		{D3E0C369-8BE0-4EBD-B848-1C6B57B59698}.Debug|iPhone.ActiveCfg = Debug|Any CPU
		{D3E0C369-8BE0-4EBD-B848-1C6B57B59698}.Debug|iPhone.Build.0 = Debug|Any CPU
		{D3E0C369-8BE0-4EBD-B848-1C6B57B59698}.Debug|iPhone.Deploy.0 = Debug|Any CPU
		{D3E0C369-8BE0-4EBD-B848-1C6B57B59698}.Debug|iPhoneSimulator.ActiveCfg = Debug|Any CPU
		{D3E0C369-8BE0-4EBD-B848-1C6B57B59698}.Debug|iPhoneSimulator.Build.0 = Debug|Any CPU
		{D3E0C369-8BE0-4EBD-B848-1C6B57B59698}.Debug|iPhoneSimulator.Deploy.0 = Debug|Any CPU
		{D3E0C369-8BE0-4EBD-B848-1C6B57B59698}.Release|Any CPU.ActiveCfg = Release|Any CPU
		{D3E0C369-8BE0-4EBD-B848-1C6B57B59698}.Release|Any CPU.Build.0 = Release|Any CPU
		{D3E0C369-8BE0-4EBD-B848-1C6B57B59698}.Release|Any CPU.Deploy.0 = Release|Any CPU
		{D3E0C369-8BE0-4EBD-B848-1C6B57B59698}.Release|iPhone.ActiveCfg = Release|Any CPU
		{D3E0C369-8BE0-4EBD-B848-1C6B57B59698}.Release|iPhone.Build.0 = Release|Any CPU
		{D3E0C369-8BE0-4EBD-B848-1C6B57B59698}.Release|iPhone.Deploy.0 = Release|Any CPU
		{D3E0C369-8BE0-4EBD-B848-1C6B57B59698}.Release|iPhoneSimulator.ActiveCfg = Release|Any CPU
		{D3E0C369-8BE0-4EBD-B848-1C6B57B59698}.Release|iPhoneSimulator.Build.0 = Release|Any CPU
		{D3E0C369-8BE0-4EBD-B848-1C6B57B59698}.Release|iPhoneSimulator.Deploy.0 = Release|Any CPU
	EndGlobalSection
	GlobalSection(SolutionProperties) = preSolution
		HideSolutionNode = FALSE
	EndGlobalSection
	GlobalSection(ExtensibilityGlobals) = postSolution
		SolutionGuid = {5CC00E8A-1544-4207-AD89-71B3642F8620}
	EndGlobalSection
EndGlobal
